{
  "name": "sharer.js",
  "version": "0.5.1",
  "lockfileVersion": 1,
  "requires": true,
  "dependencies": {
    "minimist": {
      "version": "1.2.8",
      "resolved": "https://registry.npmjs.org/minimist/-/minimist-1.2.8.tgz",
      "integrity": "sha512-2yyAR8qBkN3YuheJanUpWC5U3bb5osDywNB8RzDVlDwDHbocAJveqqj1u8+SVD7jkWT4yvsHCpWqqWqAxb0zCA==",
      "dev": true
    },
    "prettier": {
      "version": "3.3.0",
      "resolved": "https://registry.npmjs.org/prettier/-/prettier-3.3.0.tgz",
      "integrity": "sha512-J9odKxERhCQ10OC2yb93583f6UnYutOeiV5i0zEDS7UGTdUt0u+y8erxl3lBKvwo/JHyyoEdXjwp4dke9oyZ/g==",
      "dev": true
    },
    "uglify-js": {
      "version": "3.17.4",
      "resolved": "https://registry.npmjs.org/uglify-js/-/uglify-js-3.17.4.tgz",
      "integrity": "sha512-T9q82TJI9e/C1TAxYvfb16xO120tMVFZrGA3f9/P4424DNu6ypK103y0GPFVa17yotwSyZW5iYXgjYHkGrJW/g==",
      "dev": true
    }
  }
}
