{
  "name": "sharer.js",
  "version": "0.5.1",
  "lockfileVersion": 1,
  "requires": true,
  "dependencies": {
    "minimist": {
      "version": "1.2.6",
      "resolved": "https://registry.npmjs.org/minimist/-/minimist-1.2.6.tgz",
      "integrity": "sha512-Jsjnk4bw3YJqYzbdyBiNsPWHPfO++UGG749Cxs6peCu5Xg4nrena6OVxOYxrQTqww0Jmwt+Ref8rggumkTLz9Q==",
      "dev": true
    },
    "prettier": {
      "version": "2.6.2",
      "resolved": "https://registry.npmjs.org/prettier/-/prettier-2.6.2.tgz",
      "integrity": "sha512-PkUpF+qoXTqhOeWL9fu7As8LXsIUZ1WYaJiY/a7McAQzxjk82OF0tibkFXVCDImZtWxbvojFjerkiLb0/q8mew==",
      "dev": true
    },
    "uglify-js": {
      "version": "3.16.0",
      "resolved": "https://registry.npmjs.org/uglify-js/-/uglify-js-3.16.0.tgz",
      "integrity": "sha512-FEikl6bR30n0T3amyBh3LoiBdqHRy/f4H80+My34HOesOKyHfOsxAPAxOoqC0JUnC1amnO0IwkYC3sko51caSw==",
      "dev": true
    }
  }
}
