{
  "name": "sharer.js",
  "version": "0.5.1",
  "lockfileVersion": 1,
  "requires": true,
  "dependencies": {
    "minimist": {
      "version": "1.2.6",
      "resolved": "https://registry.npmjs.org/minimist/-/minimist-1.2.6.tgz",
      "integrity": "sha512-Jsjnk4bw3YJqYzbdyBiNsPWHPfO++UGG749Cxs6peCu5Xg4nrena6OVxOYxrQTqww0Jmwt+Ref8rggumkTLz9Q==",
      "dev": true
    },
    "prettier": {
      "version": "2.7.1",
      "resolved": "https://registry.npmjs.org/prettier/-/prettier-2.7.1.tgz",
      "integrity": "sha512-ujppO+MkdPqoVINuDFDRLClm7D78qbDt0/NR+wp5FqEZOoTNAjPHWj17QRhu7geIHJfcNhRk1XVQmF8Bp3ye+g==",
      "dev": true
    },
    "uglify-js": {
      "version": "3.16.3",
      "resolved": "https://registry.npmjs.org/uglify-js/-/uglify-js-3.16.3.tgz",
      "integrity": "sha512-uVbFqx9vvLhQg0iBaau9Z75AxWJ8tqM9AV890dIZCLApF4rTcyHwmAvLeEdYRs+BzYWu8Iw81F79ah0EfTXbaw==",
      "dev": true
    }
  }
}
